
Microsoft Visual Studio Solution File, Format Version 12.00
# Visual Studio Version 17
VisualStudioVersion = 17.5.2.0
MinimumVisualStudioVersion = 10.0.40219.1
Project("{FAE04EC0-301F-11D3-BF4B-00C04F79EFBC}") = "Enigma5.App", "Enigma5.App\Enigma5.App.csproj", "{12F3B6BE-80FE-472F-8628-600D7D5A7B32}"
EndProject
Project("{FAE04EC0-301F-11D3-BF4B-00C04F79EFBC}") = "Enigma5.App.Common", "Enigma5.App.Common\Enigma5.App.Common.csproj", "{7FD69260-53B1-4A14-AEAB-F87D5E881CE4}"
EndProject
Project("{FAE04EC0-301F-11D3-BF4B-00C04F79EFBC}") = "Enigma5.App.Models", "Enigma5.App.Models\Enigma5.App.Models.csproj", "{F7891ED4-2A6A-4EE5-A4AA-F872642E59C2}"
EndProject
Project("{FAE04EC0-301F-11D3-BF4B-00C04F79EFBC}") = "Enigma5.App.Models.Tests", "Enigma5.App.Models.Tests\Enigma5.App.Models.Tests.csproj", "{17794A5B-D4A2-4CB2-8DA2-333601477E00}"
EndProject
Project("{FAE04EC0-301F-11D3-BF4B-00C04F79EFBC}") = "Enigma5.App.Tests", "Enigma5.App.Tests\Enigma5.App.Tests.csproj", "{DF711869-6811-4EE7-BCA5-BC79ADE93182}"
EndProject
Project("{FAE04EC0-301F-11D3-BF4B-00C04F79EFBC}") = "Enigma5.Crypto", "Enigma5.Crypto\Enigma5.Crypto.csproj", "{00F6E581-8E24-4B33-9786-36C2256356E9}"
EndProject
Project("{FAE04EC0-301F-11D3-BF4B-00C04F79EFBC}") = "Enigma5.Crypto.Tests", "Enigma5.Crypto.Tests\Enigma5.Crypto.Tests.csproj", "{B9F537E8-E3CD-4F00-B91F-9FBAE2C9589B}"
EndProject
Project("{FAE04EC0-301F-11D3-BF4B-00C04F79EFBC}") = "Enigma5.Security", "Enigma5.Security\Enigma5.Security.csproj", "{3FC84931-9EED-4D86-8180-F3222CE9A2F8}"
EndProject
Project("{FAE04EC0-301F-11D3-BF4B-00C04F79EFBC}") = "Enigma5.Structures", "Enigma5.Structures\Enigma5.Structures.csproj", "{D2741252-2AD1-42F2-8A6C-E7913FC9FF98}"
EndProject
Project("{FAE04EC0-301F-11D3-BF4B-00C04F79EFBC}") = "Enigma5.Structures.Tests", "Enigma5.Structures.Tests\Enigma5.Structures.Tests.csproj", "{7C41A703-1FD5-44DB-812B-B7567D076F11}"
EndProject
Project("{FAE04EC0-301F-11D3-BF4B-00C04F79EFBC}") = "Enigma5.Tests.Base", "Enigma5.Tests.Base\Enigma5.Tests.Base.csproj", "{C65E9B41-D7F0-40E3-AF15-AD2577A8C61A}"
EndProject
Project("{FAE04EC0-301F-11D3-BF4B-00C04F79EFBC}") = "Client", "Client\Client.csproj", "{B0A10AD0-8D6E-48C4-885A-90CB83C6AA59}"
EndProject
Project("{FAE04EC0-301F-11D3-BF4B-00C04F79EFBC}") = "Enigma5.Scripts", "Enigma5.Scripts\Enigma5.Scripts.csproj", "{218C7DAC-7D0B-41D1-BE9C-15A546787AA6}"
EndProject
Global
	GlobalSection(SolutionConfigurationPlatforms) = preSolution
		Debug|Any CPU = Debug|Any CPU
		Debug|x64 = Debug|x64
		Debug|x86 = Debug|x86
		Release|Any CPU = Release|Any CPU
		Release|x64 = Release|x64
		Release|x86 = Release|x86
	EndGlobalSection
	GlobalSection(ProjectConfigurationPlatforms) = postSolution
		{12F3B6BE-80FE-472F-8628-600D7D5A7B32}.Debug|Any CPU.ActiveCfg = Debug|Any CPU
		{12F3B6BE-80FE-472F-8628-600D7D5A7B32}.Debug|Any CPU.Build.0 = Debug|Any CPU
		{12F3B6BE-80FE-472F-8628-600D7D5A7B32}.Debug|x64.ActiveCfg = Debug|Any CPU
		{12F3B6BE-80FE-472F-8628-600D7D5A7B32}.Debug|x64.Build.0 = Debug|Any CPU
		{12F3B6BE-80FE-472F-8628-600D7D5A7B32}.Debug|x86.ActiveCfg = Debug|Any CPU
		{12F3B6BE-80FE-472F-8628-600D7D5A7B32}.Debug|x86.Build.0 = Debug|Any CPU
		{12F3B6BE-80FE-472F-8628-600D7D5A7B32}.Release|Any CPU.ActiveCfg = Release|Any CPU
		{12F3B6BE-80FE-472F-8628-600D7D5A7B32}.Release|Any CPU.Build.0 = Release|Any CPU
		{12F3B6BE-80FE-472F-8628-600D7D5A7B32}.Release|x64.ActiveCfg = Release|Any CPU
		{12F3B6BE-80FE-472F-8628-600D7D5A7B32}.Release|x64.Build.0 = Release|Any CPU
		{12F3B6BE-80FE-472F-8628-600D7D5A7B32}.Release|x86.ActiveCfg = Release|Any CPU
		{12F3B6BE-80FE-472F-8628-600D7D5A7B32}.Release|x86.Build.0 = Release|Any CPU
		{7FD69260-53B1-4A14-AEAB-F87D5E881CE4}.Debug|Any CPU.ActiveCfg = Debug|Any CPU
		{7FD69260-53B1-4A14-AEAB-F87D5E881CE4}.Debug|Any CPU.Build.0 = Debug|Any CPU
		{7FD69260-53B1-4A14-AEAB-F87D5E881CE4}.Debug|x64.ActiveCfg = Debug|Any CPU
		{7FD69260-53B1-4A14-AEAB-F87D5E881CE4}.Debug|x64.Build.0 = Debug|Any CPU
		{7FD69260-53B1-4A14-AEAB-F87D5E881CE4}.Debug|x86.ActiveCfg = Debug|Any CPU
		{7FD69260-53B1-4A14-AEAB-F87D5E881CE4}.Debug|x86.Build.0 = Debug|Any CPU
		{7FD69260-53B1-4A14-AEAB-F87D5E881CE4}.Release|Any CPU.ActiveCfg = Release|Any CPU
		{7FD69260-53B1-4A14-AEAB-F87D5E881CE4}.Release|Any CPU.Build.0 = Release|Any CPU
		{7FD69260-53B1-4A14-AEAB-F87D5E881CE4}.Release|x64.ActiveCfg = Release|Any CPU
		{7FD69260-53B1-4A14-AEAB-F87D5E881CE4}.Release|x64.Build.0 = Release|Any CPU
		{7FD69260-53B1-4A14-AEAB-F87D5E881CE4}.Release|x86.ActiveCfg = Release|Any CPU
		{7FD69260-53B1-4A14-AEAB-F87D5E881CE4}.Release|x86.Build.0 = Release|Any CPU
		{F7891ED4-2A6A-4EE5-A4AA-F872642E59C2}.Debug|Any CPU.ActiveCfg = Debug|Any CPU
		{F7891ED4-2A6A-4EE5-A4AA-F872642E59C2}.Debug|Any CPU.Build.0 = Debug|Any CPU
		{F7891ED4-2A6A-4EE5-A4AA-F872642E59C2}.Debug|x64.ActiveCfg = Debug|Any CPU
		{F7891ED4-2A6A-4EE5-A4AA-F872642E59C2}.Debug|x64.Build.0 = Debug|Any CPU
		{F7891ED4-2A6A-4EE5-A4AA-F872642E59C2}.Debug|x86.ActiveCfg = Debug|Any CPU
		{F7891ED4-2A6A-4EE5-A4AA-F872642E59C2}.Debug|x86.Build.0 = Debug|Any CPU
		{F7891ED4-2A6A-4EE5-A4AA-F872642E59C2}.Release|Any CPU.ActiveCfg = Release|Any CPU
		{F7891ED4-2A6A-4EE5-A4AA-F872642E59C2}.Release|Any CPU.Build.0 = Release|Any CPU
		{F7891ED4-2A6A-4EE5-A4AA-F872642E59C2}.Release|x64.ActiveCfg = Release|Any CPU
		{F7891ED4-2A6A-4EE5-A4AA-F872642E59C2}.Release|x64.Build.0 = Release|Any CPU
		{F7891ED4-2A6A-4EE5-A4AA-F872642E59C2}.Release|x86.ActiveCfg = Release|Any CPU
		{F7891ED4-2A6A-4EE5-A4AA-F872642E59C2}.Release|x86.Build.0 = Release|Any CPU
		{17794A5B-D4A2-4CB2-8DA2-333601477E00}.Debug|Any CPU.ActiveCfg = Debug|Any CPU
		{17794A5B-D4A2-4CB2-8DA2-333601477E00}.Debug|Any CPU.Build.0 = Debug|Any CPU
		{17794A5B-D4A2-4CB2-8DA2-333601477E00}.Debug|x64.ActiveCfg = Debug|Any CPU
		{17794A5B-D4A2-4CB2-8DA2-333601477E00}.Debug|x64.Build.0 = Debug|Any CPU
		{17794A5B-D4A2-4CB2-8DA2-333601477E00}.Debug|x86.ActiveCfg = Debug|Any CPU
		{17794A5B-D4A2-4CB2-8DA2-333601477E00}.Debug|x86.Build.0 = Debug|Any CPU
		{17794A5B-D4A2-4CB2-8DA2-333601477E00}.Release|Any CPU.ActiveCfg = Release|Any CPU
		{17794A5B-D4A2-4CB2-8DA2-333601477E00}.Release|Any CPU.Build.0 = Release|Any CPU
		{17794A5B-D4A2-4CB2-8DA2-333601477E00}.Release|x64.ActiveCfg = Release|Any CPU
		{17794A5B-D4A2-4CB2-8DA2-333601477E00}.Release|x64.Build.0 = Release|Any CPU
		{17794A5B-D4A2-4CB2-8DA2-333601477E00}.Release|x86.ActiveCfg = Release|Any CPU
		{17794A5B-D4A2-4CB2-8DA2-333601477E00}.Release|x86.Build.0 = Release|Any CPU
		{DF711869-6811-4EE7-BCA5-BC79ADE93182}.Debug|Any CPU.ActiveCfg = Debug|Any CPU
		{DF711869-6811-4EE7-BCA5-BC79ADE93182}.Debug|Any CPU.Build.0 = Debug|Any CPU
		{DF711869-6811-4EE7-BCA5-BC79ADE93182}.Debug|x64.ActiveCfg = Debug|Any CPU
		{DF711869-6811-4EE7-BCA5-BC79ADE93182}.Debug|x64.Build.0 = Debug|Any CPU
		{DF711869-6811-4EE7-BCA5-BC79ADE93182}.Debug|x86.ActiveCfg = Debug|Any CPU
		{DF711869-6811-4EE7-BCA5-BC79ADE93182}.Debug|x86.Build.0 = Debug|Any CPU
		{DF711869-6811-4EE7-BCA5-BC79ADE93182}.Release|Any CPU.ActiveCfg = Release|Any CPU
		{DF711869-6811-4EE7-BCA5-BC79ADE93182}.Release|Any CPU.Build.0 = Release|Any CPU
		{DF711869-6811-4EE7-BCA5-BC79ADE93182}.Release|x64.ActiveCfg = Release|Any CPU
		{DF711869-6811-4EE7-BCA5-BC79ADE93182}.Release|x64.Build.0 = Release|Any CPU
		{DF711869-6811-4EE7-BCA5-BC79ADE93182}.Release|x86.ActiveCfg = Release|Any CPU
		{DF711869-6811-4EE7-BCA5-BC79ADE93182}.Release|x86.Build.0 = Release|Any CPU
		{00F6E581-8E24-4B33-9786-36C2256356E9}.Debug|Any CPU.ActiveCfg = Debug|Any CPU
		{00F6E581-8E24-4B33-9786-36C2256356E9}.Debug|Any CPU.Build.0 = Debug|Any CPU
		{00F6E581-8E24-4B33-9786-36C2256356E9}.Debug|x64.ActiveCfg = Debug|Any CPU
		{00F6E581-8E24-4B33-9786-36C2256356E9}.Debug|x64.Build.0 = Debug|Any CPU
		{00F6E581-8E24-4B33-9786-36C2256356E9}.Debug|x86.ActiveCfg = Debug|Any CPU
		{00F6E581-8E24-4B33-9786-36C2256356E9}.Debug|x86.Build.0 = Debug|Any CPU
		{00F6E581-8E24-4B33-9786-36C2256356E9}.Release|Any CPU.ActiveCfg = Release|Any CPU
		{00F6E581-8E24-4B33-9786-36C2256356E9}.Release|Any CPU.Build.0 = Release|Any CPU
		{00F6E581-8E24-4B33-9786-36C2256356E9}.Release|x64.ActiveCfg = Release|Any CPU
		{00F6E581-8E24-4B33-9786-36C2256356E9}.Release|x64.Build.0 = Release|Any CPU
		{00F6E581-8E24-4B33-9786-36C2256356E9}.Release|x86.ActiveCfg = Release|Any CPU
		{00F6E581-8E24-4B33-9786-36C2256356E9}.Release|x86.Build.0 = Release|Any CPU
		{B9F537E8-E3CD-4F00-B91F-9FBAE2C9589B}.Debug|Any CPU.ActiveCfg = Debug|Any CPU
		{B9F537E8-E3CD-4F00-B91F-9FBAE2C9589B}.Debug|Any CPU.Build.0 = Debug|Any CPU
		{B9F537E8-E3CD-4F00-B91F-9FBAE2C9589B}.Debug|x64.ActiveCfg = Debug|Any CPU
		{B9F537E8-E3CD-4F00-B91F-9FBAE2C9589B}.Debug|x64.Build.0 = Debug|Any CPU
		{B9F537E8-E3CD-4F00-B91F-9FBAE2C9589B}.Debug|x86.ActiveCfg = Debug|Any CPU
		{B9F537E8-E3CD-4F00-B91F-9FBAE2C9589B}.Debug|x86.Build.0 = Debug|Any CPU
		{B9F537E8-E3CD-4F00-B91F-9FBAE2C9589B}.Release|Any CPU.ActiveCfg = Release|Any CPU
		{B9F537E8-E3CD-4F00-B91F-9FBAE2C9589B}.Release|Any CPU.Build.0 = Release|Any CPU
		{B9F537E8-E3CD-4F00-B91F-9FBAE2C9589B}.Release|x64.ActiveCfg = Release|Any CPU
		{B9F537E8-E3CD-4F00-B91F-9FBAE2C9589B}.Release|x64.Build.0 = Release|Any CPU
		{B9F537E8-E3CD-4F00-B91F-9FBAE2C9589B}.Release|x86.ActiveCfg = Release|Any CPU
		{B9F537E8-E3CD-4F00-B91F-9FBAE2C9589B}.Release|x86.Build.0 = Release|Any CPU
		{3FC84931-9EED-4D86-8180-F3222CE9A2F8}.Debug|Any CPU.ActiveCfg = Debug|Any CPU
		{3FC84931-9EED-4D86-8180-F3222CE9A2F8}.Debug|Any CPU.Build.0 = Debug|Any CPU
		{3FC84931-9EED-4D86-8180-F3222CE9A2F8}.Debug|x64.ActiveCfg = Debug|Any CPU
		{3FC84931-9EED-4D86-8180-F3222CE9A2F8}.Debug|x64.Build.0 = Debug|Any CPU
		{3FC84931-9EED-4D86-8180-F3222CE9A2F8}.Debug|x86.ActiveCfg = Debug|Any CPU
		{3FC84931-9EED-4D86-8180-F3222CE9A2F8}.Debug|x86.Build.0 = Debug|Any CPU
		{3FC84931-9EED-4D86-8180-F3222CE9A2F8}.Release|Any CPU.ActiveCfg = Release|Any CPU
		{3FC84931-9EED-4D86-8180-F3222CE9A2F8}.Release|Any CPU.Build.0 = Release|Any CPU
		{3FC84931-9EED-4D86-8180-F3222CE9A2F8}.Release|x64.ActiveCfg = Release|Any CPU
		{3FC84931-9EED-4D86-8180-F3222CE9A2F8}.Release|x64.Build.0 = Release|Any CPU
		{3FC84931-9EED-4D86-8180-F3222CE9A2F8}.Release|x86.ActiveCfg = Release|Any CPU
		{3FC84931-9EED-4D86-8180-F3222CE9A2F8}.Release|x86.Build.0 = Release|Any CPU
		{D2741252-2AD1-42F2-8A6C-E7913FC9FF98}.Debug|Any CPU.ActiveCfg = Debug|Any CPU
		{D2741252-2AD1-42F2-8A6C-E7913FC9FF98}.Debug|Any CPU.Build.0 = Debug|Any CPU
		{D2741252-2AD1-42F2-8A6C-E7913FC9FF98}.Debug|x64.ActiveCfg = Debug|Any CPU
		{D2741252-2AD1-42F2-8A6C-E7913FC9FF98}.Debug|x64.Build.0 = Debug|Any CPU
		{D2741252-2AD1-42F2-8A6C-E7913FC9FF98}.Debug|x86.ActiveCfg = Debug|Any CPU
		{D2741252-2AD1-42F2-8A6C-E7913FC9FF98}.Debug|x86.Build.0 = Debug|Any CPU
		{D2741252-2AD1-42F2-8A6C-E7913FC9FF98}.Release|Any CPU.ActiveCfg = Release|Any CPU
		{D2741252-2AD1-42F2-8A6C-E7913FC9FF98}.Release|Any CPU.Build.0 = Release|Any CPU
		{D2741252-2AD1-42F2-8A6C-E7913FC9FF98}.Release|x64.ActiveCfg = Release|Any CPU
		{D2741252-2AD1-42F2-8A6C-E7913FC9FF98}.Release|x64.Build.0 = Release|Any CPU
		{D2741252-2AD1-42F2-8A6C-E7913FC9FF98}.Release|x86.ActiveCfg = Release|Any CPU
		{D2741252-2AD1-42F2-8A6C-E7913FC9FF98}.Release|x86.Build.0 = Release|Any CPU
		{7C41A703-1FD5-44DB-812B-B7567D076F11}.Debug|Any CPU.ActiveCfg = Debug|Any CPU
		{7C41A703-1FD5-44DB-812B-B7567D076F11}.Debug|Any CPU.Build.0 = Debug|Any CPU
		{7C41A703-1FD5-44DB-812B-B7567D076F11}.Debug|x64.ActiveCfg = Debug|Any CPU
		{7C41A703-1FD5-44DB-812B-B7567D076F11}.Debug|x64.Build.0 = Debug|Any CPU
		{7C41A703-1FD5-44DB-812B-B7567D076F11}.Debug|x86.ActiveCfg = Debug|Any CPU
		{7C41A703-1FD5-44DB-812B-B7567D076F11}.Debug|x86.Build.0 = Debug|Any CPU
		{7C41A703-1FD5-44DB-812B-B7567D076F11}.Release|Any CPU.ActiveCfg = Release|Any CPU
		{7C41A703-1FD5-44DB-812B-B7567D076F11}.Release|Any CPU.Build.0 = Release|Any CPU
		{7C41A703-1FD5-44DB-812B-B7567D076F11}.Release|x64.ActiveCfg = Release|Any CPU
		{7C41A703-1FD5-44DB-812B-B7567D076F11}.Release|x64.Build.0 = Release|Any CPU
		{7C41A703-1FD5-44DB-812B-B7567D076F11}.Release|x86.ActiveCfg = Release|Any CPU
		{7C41A703-1FD5-44DB-812B-B7567D076F11}.Release|x86.Build.0 = Release|Any CPU
		{C65E9B41-D7F0-40E3-AF15-AD2577A8C61A}.Debug|Any CPU.ActiveCfg = Debug|Any CPU
		{C65E9B41-D7F0-40E3-AF15-AD2577A8C61A}.Debug|Any CPU.Build.0 = Debug|Any CPU
		{C65E9B41-D7F0-40E3-AF15-AD2577A8C61A}.Debug|x64.ActiveCfg = Debug|Any CPU
		{C65E9B41-D7F0-40E3-AF15-AD2577A8C61A}.Debug|x64.Build.0 = Debug|Any CPU
		{C65E9B41-D7F0-40E3-AF15-AD2577A8C61A}.Debug|x86.ActiveCfg = Debug|Any CPU
		{C65E9B41-D7F0-40E3-AF15-AD2577A8C61A}.Debug|x86.Build.0 = Debug|Any CPU
		{C65E9B41-D7F0-40E3-AF15-AD2577A8C61A}.Release|Any CPU.ActiveCfg = Release|Any CPU
		{C65E9B41-D7F0-40E3-AF15-AD2577A8C61A}.Release|Any CPU.Build.0 = Release|Any CPU
		{C65E9B41-D7F0-40E3-AF15-AD2577A8C61A}.Release|x64.ActiveCfg = Release|Any CPU
		{C65E9B41-D7F0-40E3-AF15-AD2577A8C61A}.Release|x64.Build.0 = Release|Any CPU
		{C65E9B41-D7F0-40E3-AF15-AD2577A8C61A}.Release|x86.ActiveCfg = Release|Any CPU
		{C65E9B41-D7F0-40E3-AF15-AD2577A8C61A}.Release|x86.Build.0 = Release|Any CPU
		{B0A10AD0-8D6E-48C4-885A-90CB83C6AA59}.Debug|Any CPU.ActiveCfg = Debug|Any CPU
		{B0A10AD0-8D6E-48C4-885A-90CB83C6AA59}.Debug|Any CPU.Build.0 = Debug|Any CPU
		{B0A10AD0-8D6E-48C4-885A-90CB83C6AA59}.Debug|x64.ActiveCfg = Debug|Any CPU
		{B0A10AD0-8D6E-48C4-885A-90CB83C6AA59}.Debug|x64.Build.0 = Debug|Any CPU
		{B0A10AD0-8D6E-48C4-885A-90CB83C6AA59}.Debug|x86.ActiveCfg = Debug|Any CPU
		{B0A10AD0-8D6E-48C4-885A-90CB83C6AA59}.Debug|x86.Build.0 = Debug|Any CPU
		{B0A10AD0-8D6E-48C4-885A-90CB83C6AA59}.Release|Any CPU.ActiveCfg = Release|Any CPU
		{B0A10AD0-8D6E-48C4-885A-90CB83C6AA59}.Release|Any CPU.Build.0 = Release|Any CPU
		{B0A10AD0-8D6E-48C4-885A-90CB83C6AA59}.Release|x64.ActiveCfg = Release|Any CPU
		{B0A10AD0-8D6E-48C4-885A-90CB83C6AA59}.Release|x64.Build.0 = Release|Any CPU
		{B0A10AD0-8D6E-48C4-885A-90CB83C6AA59}.Release|x86.ActiveCfg = Release|Any CPU
		{B0A10AD0-8D6E-48C4-885A-90CB83C6AA59}.Release|x86.Build.0 = Release|Any CPU
		{218C7DAC-7D0B-41D1-BE9C-15A546787AA6}.Debug|Any CPU.ActiveCfg = Debug|Any CPU
		{218C7DAC-7D0B-41D1-BE9C-15A546787AA6}.Debug|Any CPU.Build.0 = Debug|Any CPU
		{218C7DAC-7D0B-41D1-BE9C-15A546787AA6}.Debug|x64.ActiveCfg = Debug|Any CPU
		{218C7DAC-7D0B-41D1-BE9C-15A546787AA6}.Debug|x64.Build.0 = Debug|Any CPU
		{218C7DAC-7D0B-41D1-BE9C-15A546787AA6}.Debug|x86.ActiveCfg = Debug|Any CPU
		{218C7DAC-7D0B-41D1-BE9C-15A546787AA6}.Debug|x86.Build.0 = Debug|Any CPU
		{218C7DAC-7D0B-41D1-BE9C-15A546787AA6}.Release|Any CPU.ActiveCfg = Release|Any CPU
		{218C7DAC-7D0B-41D1-BE9C-15A546787AA6}.Release|Any CPU.Build.0 = Release|Any CPU
		{218C7DAC-7D0B-41D1-BE9C-15A546787AA6}.Release|x64.ActiveCfg = Release|Any CPU
		{218C7DAC-7D0B-41D1-BE9C-15A546787AA6}.Release|x64.Build.0 = Release|Any CPU
		{218C7DAC-7D0B-41D1-BE9C-15A546787AA6}.Release|x86.ActiveCfg = Release|Any CPU
		{218C7DAC-7D0B-41D1-BE9C-15A546787AA6}.Release|x86.Build.0 = Release|Any CPU
	EndGlobalSection
	GlobalSection(SolutionProperties) = preSolution
		HideSolutionNode = FALSE
	EndGlobalSection
	GlobalSection(ExtensibilityGlobals) = postSolution
		SolutionGuid = {1F249843-9248-4BDC-86BF-CA420AC940AD}
	EndGlobalSection
EndGlobal
